
Microsoft Visual Studio Solution File, Format Version 12.00
# Visual Studio Version 17
VisualStudioVersion = 17.4.33110.190
MinimumVisualStudioVersion = 10.0.40219.1
Project("{FAE04EC0-301F-11D3-BF4B-00C04F79EFBC}") = "LoginPage", "LoginPage\LoginPage.csproj", "{A1177BE0-1EA0-4C5E-802C-085B24FA3A27}"
EndProject
Project("{9A19103F-16F7-4668-BE54-9A1E7A4F7556}") = "MESSAGE", "..\MESSAGE\MESSAGE.csproj", "{42F87EC3-5AC6-486B-92DC-7457FB6AFB32}"
EndProject
Global
	GlobalSection(SolutionConfigurationPlatforms) = preSolution
		Debug|Any CPU = Debug|Any CPU
		Release|Any CPU = Release|Any CPU
	EndGlobalSection
	GlobalSection(ProjectConfigurationPlatforms) = postSolution
		{A1177BE0-1EA0-4C5E-802C-085B24FA3A27}.Debug|Any CPU.ActiveCfg = Debug|Any CPU
		{A1177BE0-1EA0-4C5E-802C-085B24FA3A27}.Debug|Any CPU.Build.0 = Debug|Any CPU
		{A1177BE0-1EA0-4C5E-802C-085B24FA3A27}.Release|Any CPU.ActiveCfg = Release|Any CPU
		{A1177BE0-1EA0-4C5E-802C-085B24FA3A27}.Release|Any CPU.Build.0 = Release|Any CPU
		{42F87EC3-5AC6-486B-92DC-7457FB6AFB32}.Debug|Any CPU.ActiveCfg = Debug|Any CPU
		{42F87EC3-5AC6-486B-92DC-7457FB6AFB32}.Debug|Any CPU.Build.0 = Debug|Any CPU
		{42F87EC3-5AC6-486B-92DC-7457FB6AFB32}.Release|Any CPU.ActiveCfg = Release|Any CPU
		{42F87EC3-5AC6-486B-92DC-7457FB6AFB32}.Release|Any CPU.Build.0 = Release|Any CPU
	EndGlobalSection
	GlobalSection(SolutionProperties) = preSolution
		HideSolutionNode = FALSE
	EndGlobalSection
	GlobalSection(ExtensibilityGlobals) = postSolution
		SolutionGuid = {433D3180-4F50-47ED-A8D5-0DEAA19DDF27}
	EndGlobalSection
EndGlobal
